
Microsoft Visual Studio Solution File, Format Version 12.00
# Visual Studio Version 16
VisualStudioVersion = 16.0.30907.101
MinimumVisualStudioVersion = 10.0.40219.1
Project("{FAE04EC0-301F-11D3-BF4B-00C04F79EFBC}") = "FOA_Code", "FOA_Code\FOA_Code.csproj", "{972D4E36-9F3B-473D-AC9D-CC5B7967CCB3}"
EndProject
Global
	GlobalSection(SolutionConfigurationPlatforms) = preSolution
		Debug|Any CPU = Debug|Any CPU
		Release|Any CPU = Release|Any CPU
	EndGlobalSection
	GlobalSection(ProjectConfigurationPlatforms) = postSolution
		{972D4E36-9F3B-473D-AC9D-CC5B7967CCB3}.Debug|Any CPU.ActiveCfg = Debug|Any CPU
		{972D4E36-9F3B-473D-AC9D-CC5B7967CCB3}.Debug|Any CPU.Build.0 = Debug|Any CPU
		{972D4E36-9F3B-473D-AC9D-CC5B7967CCB3}.Release|Any CPU.ActiveCfg = Release|Any CPU
		{972D4E36-9F3B-473D-AC9D-CC5B7967CCB3}.Release|Any CPU.Build.0 = Release|Any CPU
	EndGlobalSection
	GlobalSection(SolutionProperties) = preSolution
		HideSolutionNode = FALSE
	EndGlobalSection
	GlobalSection(ExtensibilityGlobals) = postSolution
		SolutionGuid = {D72C8919-DC9A-4C19-9886-026D86D9FF26}
	EndGlobalSection
EndGlobal
